# This file was autogenerated by Stack.
# You should not edit this file by hand.
# For more information, please see the documentation at:
#   https://docs.haskellstack.org/en/stable/lock_files

packages:
- completed:
    hackage: elliptic-integrals-0.1.0.0@sha256:f96e03260c1fc51f8e1a65ef2d4d36600ac36eac5d50c41a444b676791cd9292,1484
    pantry-tree:
      sha256: 61dded2aca9b2c0de5a84083582a73dab4418c8e09950027d814338daca33caa
      size: 674
  original:
    hackage: elliptic-integrals-0.1.0.0
- completed:
    hackage: jacobi-theta-0.2.1.0@sha256:a97a3e57236f9e05d2d12b13ba0d775fb26bb6b70b447bdca0d2639ea8699936,1577
    pantry-tree:
      sha256: f423c8d366a811dbdc369e3e8d936921eb312dc5def22dc0044fac11cc62e798
      size: 429
  original:
    hackage: jacobi-theta-0.2.1.0
snapshots:
- completed:
    sha256: adbc602422dde10cc330175da7de8609e70afc41449a7e2d6e8b1827aa0e5008
    size: 649342
    url: https://raw.githubusercontent.com/commercialhaskell/stackage-snapshots/master/lts/20/11.yaml
  original: lts-20.11
